
Microsoft Visual Studio Solution File, Format Version 12.00
# Visual Studio Version 17
VisualStudioVersion = 17.8.34316.72
MinimumVisualStudioVersion = 10.0.40219.1
Project("{2150E333-8FDC-42A3-9474-1A3956D46DE8}") = "Solution Items", "Solution Items", "{7049DC0E-3BEA-41A5-A556-04D43C029967}"
	ProjectSection(SolutionItems) = preProject
		.dockerignore = .dockerignore
		.editorconfig = .editorconfig
		.gitattributes = .gitattributes
		.gitignore = .gitignore
		README.md = README.md
	EndProjectSection
EndProject
Project("{9A19103F-16F7-4668-BE54-9A1E7A4F7556}") = "Domain", "src\Domain\Domain\Domain.csproj", "{27537E0F-27F4-48AB-92D8-5289B17B2792}"
EndProject
Project("{9A19103F-16F7-4668-BE54-9A1E7A4F7556}") = "Application", "src\Application\Application\Application.csproj", "{C590CA53-8A06-4599-9B6E-9EA439DAEAA6}"
EndProject
Project("{9A19103F-16F7-4668-BE54-9A1E7A4F7556}") = "Infrastructure", "src\Infrastructure\Infrastructure\Infrastructure.csproj", "{B072571F-2216-4769-8561-1273B8D9DBB4}"
EndProject
Project("{2150E333-8FDC-42A3-9474-1A3956D46DE8}") = "src", "src", "{777CD17B-71A2-4928-9255-1E5B63F5F666}"
EndProject
Project("{2150E333-8FDC-42A3-9474-1A3956D46DE8}") = "tests", "tests", "{427CFA8E-6A72-4646-A111-0FB5299864C8}"
EndProject
Project("{9A19103F-16F7-4668-BE54-9A1E7A4F7556}") = "Domain.UnitTests", "tests\Domain.UnitTests\Domain.UnitTests\Domain.UnitTests.csproj", "{9D920ED6-F093-45A3-B560-910E5817EC4A}"
EndProject
Project("{9A19103F-16F7-4668-BE54-9A1E7A4F7556}") = "Application.UnitTests", "tests\Application.UnitTests\Application.UnitTests\Application.UnitTests.csproj", "{3E83C333-981E-4DE1-B07A-722FAE498710}"
EndProject
Project("{9A19103F-16F7-4668-BE54-9A1E7A4F7556}") = "Web.Api.Patients", "src\Web\Web.Api.Patients\Web.Api.Patients.csproj", "{14DB382D-60AE-4488-8195-E65AB0B0F1AD}"
EndProject
Project("{FAE04EC0-301F-11D3-BF4B-00C04F79EFBC}") = "Infrastructure.IntegrationTests", "tests\Infrastructure.IntegrationTests\Infrastructure.IntegrationTests\Infrastructure.IntegrationTests.csproj", "{5C448113-2270-4A1F-9285-6795D9EF7A31}"
EndProject
Project("{FAE04EC0-301F-11D3-BF4B-00C04F79EFBC}") = "Application.FunctionalTests", "tests\Application.FunctionalTests\Application.FunctionalTests\Application.FunctionalTests.csproj", "{E191D147-7BF3-46FD-89CD-F3463F802AD6}"
EndProject
Project("{FAE04EC0-301F-11D3-BF4B-00C04F79EFBC}") = "Web.AcceptanceTests", "tests\Web.AcceptanceTests\Web.AcceptanceTests\Web.AcceptanceTests.csproj", "{F1BAD40F-8815-44F3-BE0A-E2E5BCCF9AC1}"
EndProject
Global
	GlobalSection(SolutionConfigurationPlatforms) = preSolution
		Debug|Any CPU = Debug|Any CPU
		Release|Any CPU = Release|Any CPU
	EndGlobalSection
	GlobalSection(ProjectConfigurationPlatforms) = postSolution
		{27537E0F-27F4-48AB-92D8-5289B17B2792}.Debug|Any CPU.ActiveCfg = Debug|Any CPU
		{27537E0F-27F4-48AB-92D8-5289B17B2792}.Debug|Any CPU.Build.0 = Debug|Any CPU
		{27537E0F-27F4-48AB-92D8-5289B17B2792}.Release|Any CPU.ActiveCfg = Release|Any CPU
		{27537E0F-27F4-48AB-92D8-5289B17B2792}.Release|Any CPU.Build.0 = Release|Any CPU
		{C590CA53-8A06-4599-9B6E-9EA439DAEAA6}.Debug|Any CPU.ActiveCfg = Debug|Any CPU
		{C590CA53-8A06-4599-9B6E-9EA439DAEAA6}.Debug|Any CPU.Build.0 = Debug|Any CPU
		{C590CA53-8A06-4599-9B6E-9EA439DAEAA6}.Release|Any CPU.ActiveCfg = Release|Any CPU
		{C590CA53-8A06-4599-9B6E-9EA439DAEAA6}.Release|Any CPU.Build.0 = Release|Any CPU
		{B072571F-2216-4769-8561-1273B8D9DBB4}.Debug|Any CPU.ActiveCfg = Debug|Any CPU
		{B072571F-2216-4769-8561-1273B8D9DBB4}.Debug|Any CPU.Build.0 = Debug|Any CPU
		{B072571F-2216-4769-8561-1273B8D9DBB4}.Release|Any CPU.ActiveCfg = Release|Any CPU
		{B072571F-2216-4769-8561-1273B8D9DBB4}.Release|Any CPU.Build.0 = Release|Any CPU
		{9D920ED6-F093-45A3-B560-910E5817EC4A}.Debug|Any CPU.ActiveCfg = Debug|Any CPU
		{9D920ED6-F093-45A3-B560-910E5817EC4A}.Debug|Any CPU.Build.0 = Debug|Any CPU
		{9D920ED6-F093-45A3-B560-910E5817EC4A}.Release|Any CPU.ActiveCfg = Release|Any CPU
		{9D920ED6-F093-45A3-B560-910E5817EC4A}.Release|Any CPU.Build.0 = Release|Any CPU
		{3E83C333-981E-4DE1-B07A-722FAE498710}.Debug|Any CPU.ActiveCfg = Debug|Any CPU
		{3E83C333-981E-4DE1-B07A-722FAE498710}.Debug|Any CPU.Build.0 = Debug|Any CPU
		{3E83C333-981E-4DE1-B07A-722FAE498710}.Release|Any CPU.ActiveCfg = Release|Any CPU
		{3E83C333-981E-4DE1-B07A-722FAE498710}.Release|Any CPU.Build.0 = Release|Any CPU
		{14DB382D-60AE-4488-8195-E65AB0B0F1AD}.Debug|Any CPU.ActiveCfg = Debug|Any CPU
		{14DB382D-60AE-4488-8195-E65AB0B0F1AD}.Debug|Any CPU.Build.0 = Debug|Any CPU
		{14DB382D-60AE-4488-8195-E65AB0B0F1AD}.Release|Any CPU.ActiveCfg = Release|Any CPU
		{14DB382D-60AE-4488-8195-E65AB0B0F1AD}.Release|Any CPU.Build.0 = Release|Any CPU
		{5C448113-2270-4A1F-9285-6795D9EF7A31}.Debug|Any CPU.ActiveCfg = Debug|Any CPU
		{5C448113-2270-4A1F-9285-6795D9EF7A31}.Debug|Any CPU.Build.0 = Debug|Any CPU
		{5C448113-2270-4A1F-9285-6795D9EF7A31}.Release|Any CPU.ActiveCfg = Release|Any CPU
		{5C448113-2270-4A1F-9285-6795D9EF7A31}.Release|Any CPU.Build.0 = Release|Any CPU
		{E191D147-7BF3-46FD-89CD-F3463F802AD6}.Debug|Any CPU.ActiveCfg = Debug|Any CPU
		{E191D147-7BF3-46FD-89CD-F3463F802AD6}.Debug|Any CPU.Build.0 = Debug|Any CPU
		{E191D147-7BF3-46FD-89CD-F3463F802AD6}.Release|Any CPU.ActiveCfg = Release|Any CPU
		{E191D147-7BF3-46FD-89CD-F3463F802AD6}.Release|Any CPU.Build.0 = Release|Any CPU
		{F1BAD40F-8815-44F3-BE0A-E2E5BCCF9AC1}.Debug|Any CPU.ActiveCfg = Debug|Any CPU
		{F1BAD40F-8815-44F3-BE0A-E2E5BCCF9AC1}.Debug|Any CPU.Build.0 = Debug|Any CPU
		{F1BAD40F-8815-44F3-BE0A-E2E5BCCF9AC1}.Release|Any CPU.ActiveCfg = Release|Any CPU
		{F1BAD40F-8815-44F3-BE0A-E2E5BCCF9AC1}.Release|Any CPU.Build.0 = Release|Any CPU
	EndGlobalSection
	GlobalSection(SolutionProperties) = preSolution
		HideSolutionNode = FALSE
	EndGlobalSection
	GlobalSection(NestedProjects) = preSolution
		{27537E0F-27F4-48AB-92D8-5289B17B2792} = {777CD17B-71A2-4928-9255-1E5B63F5F666}
		{C590CA53-8A06-4599-9B6E-9EA439DAEAA6} = {777CD17B-71A2-4928-9255-1E5B63F5F666}
		{B072571F-2216-4769-8561-1273B8D9DBB4} = {777CD17B-71A2-4928-9255-1E5B63F5F666}
		{9D920ED6-F093-45A3-B560-910E5817EC4A} = {427CFA8E-6A72-4646-A111-0FB5299864C8}
		{3E83C333-981E-4DE1-B07A-722FAE498710} = {427CFA8E-6A72-4646-A111-0FB5299864C8}
		{14DB382D-60AE-4488-8195-E65AB0B0F1AD} = {777CD17B-71A2-4928-9255-1E5B63F5F666}
		{5C448113-2270-4A1F-9285-6795D9EF7A31} = {427CFA8E-6A72-4646-A111-0FB5299864C8}
		{E191D147-7BF3-46FD-89CD-F3463F802AD6} = {427CFA8E-6A72-4646-A111-0FB5299864C8}
		{F1BAD40F-8815-44F3-BE0A-E2E5BCCF9AC1} = {427CFA8E-6A72-4646-A111-0FB5299864C8}
	EndGlobalSection
	GlobalSection(ExtensibilityGlobals) = postSolution
		SolutionGuid = {54E78B76-5BFE-4CD7-B5E7-D9BB557E8E11}
	EndGlobalSection
EndGlobal
