
Microsoft Visual Studio Solution File, Format Version 12.00
# Visual Studio Version 17
VisualStudioVersion = 17.8.34316.72
MinimumVisualStudioVersion = 10.0.40219.1
Project("{2150E333-8FDC-42A3-9474-1A3956D46DE8}") = "Solution Items", "Solution Items", "{7049DC0E-3BEA-41A5-A556-04D43C029967}"
	ProjectSection(SolutionItems) = preProject
		.dockerignore = .dockerignore
		.editorconfig = .editorconfig
		.gitattributes = .gitattributes
		.gitignore = .gitignore
		README.md = README.md
	EndProjectSection
EndProject
Project("{9A19103F-16F7-4668-BE54-9A1E7A4F7556}") = "Domain", "src\Domain\Domain\Domain.csproj", "{27537E0F-27F4-48AB-92D8-5289B17B2792}"
EndProject
Project("{9A19103F-16F7-4668-BE54-9A1E7A4F7556}") = "Application", "src\Application\Application\Application.csproj", "{C590CA53-8A06-4599-9B6E-9EA439DAEAA6}"
EndProject
Project("{9A19103F-16F7-4668-BE54-9A1E7A4F7556}") = "Infrastructure", "src\Infrastructure\Infrastructure\Infrastructure.csproj", "{B072571F-2216-4769-8561-1273B8D9DBB4}"
EndProject
Project("{2150E333-8FDC-42A3-9474-1A3956D46DE8}") = "src", "src", "{777CD17B-71A2-4928-9255-1E5B63F5F666}"
EndProject
Project("{2150E333-8FDC-42A3-9474-1A3956D46DE8}") = "tests", "tests", "{427CFA8E-6A72-4646-A111-0FB5299864C8}"
EndProject
Project("{9A19103F-16F7-4668-BE54-9A1E7A4F7556}") = "Web.Api.Patients", "src\Web\Web.Api.Patients\Web.Api.Patients.csproj", "{14DB382D-60AE-4488-8195-E65AB0B0F1AD}"
EndProject
Project("{9A19103F-16F7-4668-BE54-9A1E7A4F7556}") = "Application.UnitTests", "tests\Application.UnitTests\Application.UnitTests.csproj", "{30DDD3AE-0F76-4E2C-B248-2C92EAC7401A}"
EndProject
Project("{9A19103F-16F7-4668-BE54-9A1E7A4F7556}") = "Domain.UnitTests", "tests\Domain.UnitTests\Domain.UnitTests.csproj", "{2C3E332D-DA68-457A-9493-38FD3052B783}"
EndProject
Project("{9A19103F-16F7-4668-BE54-9A1E7A4F7556}") = "Infrastructure.UnitTests", "tests\Infrastructure.UnitTests\Infrastructure.UnitTests.csproj", "{0C3F5F6F-84F2-40F0-8FB7-A9A16D2634DD}"
EndProject
Project("{9A19103F-16F7-4668-BE54-9A1E7A4F7556}") = "Web.Api.Patients.Tests", "tests\Web.Api.Patients.UnitTests\Web.Api.Patients.Tests.csproj", "{A4EC0C51-90F3-4F34-9DC4-E88E5DFC1997}"
EndProject
Global
	GlobalSection(SolutionConfigurationPlatforms) = preSolution
		Debug|Any CPU = Debug|Any CPU
		Release|Any CPU = Release|Any CPU
	EndGlobalSection
	GlobalSection(ProjectConfigurationPlatforms) = postSolution
		{27537E0F-27F4-48AB-92D8-5289B17B2792}.Debug|Any CPU.ActiveCfg = Debug|Any CPU
		{27537E0F-27F4-48AB-92D8-5289B17B2792}.Debug|Any CPU.Build.0 = Debug|Any CPU
		{27537E0F-27F4-48AB-92D8-5289B17B2792}.Release|Any CPU.ActiveCfg = Release|Any CPU
		{27537E0F-27F4-48AB-92D8-5289B17B2792}.Release|Any CPU.Build.0 = Release|Any CPU
		{C590CA53-8A06-4599-9B6E-9EA439DAEAA6}.Debug|Any CPU.ActiveCfg = Debug|Any CPU
		{C590CA53-8A06-4599-9B6E-9EA439DAEAA6}.Debug|Any CPU.Build.0 = Debug|Any CPU
		{C590CA53-8A06-4599-9B6E-9EA439DAEAA6}.Release|Any CPU.ActiveCfg = Release|Any CPU
		{C590CA53-8A06-4599-9B6E-9EA439DAEAA6}.Release|Any CPU.Build.0 = Release|Any CPU
		{B072571F-2216-4769-8561-1273B8D9DBB4}.Debug|Any CPU.ActiveCfg = Debug|Any CPU
		{B072571F-2216-4769-8561-1273B8D9DBB4}.Debug|Any CPU.Build.0 = Debug|Any CPU
		{B072571F-2216-4769-8561-1273B8D9DBB4}.Release|Any CPU.ActiveCfg = Release|Any CPU
		{B072571F-2216-4769-8561-1273B8D9DBB4}.Release|Any CPU.Build.0 = Release|Any CPU
		{14DB382D-60AE-4488-8195-E65AB0B0F1AD}.Debug|Any CPU.ActiveCfg = Debug|Any CPU
		{14DB382D-60AE-4488-8195-E65AB0B0F1AD}.Debug|Any CPU.Build.0 = Debug|Any CPU
		{14DB382D-60AE-4488-8195-E65AB0B0F1AD}.Release|Any CPU.ActiveCfg = Release|Any CPU
		{14DB382D-60AE-4488-8195-E65AB0B0F1AD}.Release|Any CPU.Build.0 = Release|Any CPU
		{30DDD3AE-0F76-4E2C-B248-2C92EAC7401A}.Debug|Any CPU.ActiveCfg = Debug|Any CPU
		{30DDD3AE-0F76-4E2C-B248-2C92EAC7401A}.Debug|Any CPU.Build.0 = Debug|Any CPU
		{30DDD3AE-0F76-4E2C-B248-2C92EAC7401A}.Release|Any CPU.ActiveCfg = Release|Any CPU
		{30DDD3AE-0F76-4E2C-B248-2C92EAC7401A}.Release|Any CPU.Build.0 = Release|Any CPU
		{2C3E332D-DA68-457A-9493-38FD3052B783}.Debug|Any CPU.ActiveCfg = Debug|Any CPU
		{2C3E332D-DA68-457A-9493-38FD3052B783}.Debug|Any CPU.Build.0 = Debug|Any CPU
		{2C3E332D-DA68-457A-9493-38FD3052B783}.Release|Any CPU.ActiveCfg = Release|Any CPU
		{2C3E332D-DA68-457A-9493-38FD3052B783}.Release|Any CPU.Build.0 = Release|Any CPU
		{0C3F5F6F-84F2-40F0-8FB7-A9A16D2634DD}.Debug|Any CPU.ActiveCfg = Debug|Any CPU
		{0C3F5F6F-84F2-40F0-8FB7-A9A16D2634DD}.Debug|Any CPU.Build.0 = Debug|Any CPU
		{0C3F5F6F-84F2-40F0-8FB7-A9A16D2634DD}.Release|Any CPU.ActiveCfg = Release|Any CPU
		{0C3F5F6F-84F2-40F0-8FB7-A9A16D2634DD}.Release|Any CPU.Build.0 = Release|Any CPU
		{A4EC0C51-90F3-4F34-9DC4-E88E5DFC1997}.Debug|Any CPU.ActiveCfg = Debug|Any CPU
		{A4EC0C51-90F3-4F34-9DC4-E88E5DFC1997}.Debug|Any CPU.Build.0 = Debug|Any CPU
		{A4EC0C51-90F3-4F34-9DC4-E88E5DFC1997}.Release|Any CPU.ActiveCfg = Release|Any CPU
		{A4EC0C51-90F3-4F34-9DC4-E88E5DFC1997}.Release|Any CPU.Build.0 = Release|Any CPU
	EndGlobalSection
	GlobalSection(SolutionProperties) = preSolution
		HideSolutionNode = FALSE
	EndGlobalSection
	GlobalSection(NestedProjects) = preSolution
		{27537E0F-27F4-48AB-92D8-5289B17B2792} = {777CD17B-71A2-4928-9255-1E5B63F5F666}
		{C590CA53-8A06-4599-9B6E-9EA439DAEAA6} = {777CD17B-71A2-4928-9255-1E5B63F5F666}
		{B072571F-2216-4769-8561-1273B8D9DBB4} = {777CD17B-71A2-4928-9255-1E5B63F5F666}
		{14DB382D-60AE-4488-8195-E65AB0B0F1AD} = {777CD17B-71A2-4928-9255-1E5B63F5F666}
		{30DDD3AE-0F76-4E2C-B248-2C92EAC7401A} = {427CFA8E-6A72-4646-A111-0FB5299864C8}
		{2C3E332D-DA68-457A-9493-38FD3052B783} = {427CFA8E-6A72-4646-A111-0FB5299864C8}
		{0C3F5F6F-84F2-40F0-8FB7-A9A16D2634DD} = {427CFA8E-6A72-4646-A111-0FB5299864C8}
		{A4EC0C51-90F3-4F34-9DC4-E88E5DFC1997} = {427CFA8E-6A72-4646-A111-0FB5299864C8}
	EndGlobalSection
	GlobalSection(ExtensibilityGlobals) = postSolution
		SolutionGuid = {54E78B76-5BFE-4CD7-B5E7-D9BB557E8E11}
	EndGlobalSection
EndGlobal
